
Microsoft Visual Studio Solution File, Format Version 12.00
# Visual Studio Version 16
VisualStudioVersion = 16.0.31613.86
MinimumVisualStudioVersion = 10.0.40219.1
Project("{FAE04EC0-301F-11D3-BF4B-00C04F79EFBC}") = "terfelszinszamito", "terfelszinszamito\terfelszinszamito.csproj", "{D8FEEC3B-96CA-4F73-BA69-CAB824191D75}"
EndProject
Global
	GlobalSection(SolutionConfigurationPlatforms) = preSolution
		Debug|Any CPU = Debug|Any CPU
		Release|Any CPU = Release|Any CPU
	EndGlobalSection
	GlobalSection(ProjectConfigurationPlatforms) = postSolution
		{D8FEEC3B-96CA-4F73-BA69-CAB824191D75}.Debug|Any CPU.ActiveCfg = Debug|Any CPU
		{D8FEEC3B-96CA-4F73-BA69-CAB824191D75}.Debug|Any CPU.Build.0 = Debug|Any CPU
		{D8FEEC3B-96CA-4F73-BA69-CAB824191D75}.Release|Any CPU.ActiveCfg = Release|Any CPU
		{D8FEEC3B-96CA-4F73-BA69-CAB824191D75}.Release|Any CPU.Build.0 = Release|Any CPU
	EndGlobalSection
	GlobalSection(SolutionProperties) = preSolution
		HideSolutionNode = FALSE
	EndGlobalSection
	GlobalSection(ExtensibilityGlobals) = postSolution
		SolutionGuid = {96855202-7AD5-4E87-B242-66F838259D0B}
	EndGlobalSection
EndGlobal
